
Microsoft Visual Studio Solution File, Format Version 12.00
# Visual Studio Version 17
VisualStudioVersion = 17.14.35906.104 d17.14
MinimumVisualStudioVersion = 10.0.40219.1
Project("{FAE04EC0-301F-11D3-BF4B-00C04F79EFBC}") = "Ecommerce_Shop.PL", "Ecommerce_Shop.PL\Ecommerce_Shop.PL.csproj", "{B70C87FF-D810-4F7F-AEAC-FF33076330DD}"
EndProject
Global
	GlobalSection(SolutionConfigurationPlatforms) = preSolution
		Debug|Any CPU = Debug|Any CPU
		Release|Any CPU = Release|Any CPU
	EndGlobalSection
	GlobalSection(ProjectConfigurationPlatforms) = postSolution
		{B70C87FF-D810-4F7F-AEAC-FF33076330DD}.Debug|Any CPU.ActiveCfg = Debug|Any CPU
		{B70C87FF-D810-4F7F-AEAC-FF33076330DD}.Debug|Any CPU.Build.0 = Debug|Any CPU
		{B70C87FF-D810-4F7F-AEAC-FF33076330DD}.Release|Any CPU.ActiveCfg = Release|Any CPU
		{B70C87FF-D810-4F7F-AEAC-FF33076330DD}.Release|Any CPU.Build.0 = Release|Any CPU
	EndGlobalSection
	GlobalSection(SolutionProperties) = preSolution
		HideSolutionNode = FALSE
	EndGlobalSection
	GlobalSection(ExtensibilityGlobals) = postSolution
		SolutionGuid = {62BD5DE8-567F-4449-BA0B-84E7C4D2ED98}
	EndGlobalSection
EndGlobal
